
Microsoft Visual Studio Solution File, Format Version 12.00
# Visual Studio Version 17
VisualStudioVersion = 17.3.32929.385
MinimumVisualStudioVersion = 10.0.40219.1
Project("{FAE04EC0-301F-11D3-BF4B-00C04F79EFBC}") = "HolaMundo", "HolaMundo.csproj", "{A6A19DCA-88F8-4779-A84F-938D94009B06}"
EndProject
Global
	GlobalSection(SolutionConfigurationPlatforms) = preSolution
		Debug|Any CPU = Debug|Any CPU
		Release|Any CPU = Release|Any CPU
	EndGlobalSection
	GlobalSection(ProjectConfigurationPlatforms) = postSolution
		{A6A19DCA-88F8-4779-A84F-938D94009B06}.Debug|Any CPU.ActiveCfg = Debug|Any CPU
		{A6A19DCA-88F8-4779-A84F-938D94009B06}.Debug|Any CPU.Build.0 = Debug|Any CPU
		{A6A19DCA-88F8-4779-A84F-938D94009B06}.Release|Any CPU.ActiveCfg = Release|Any CPU
		{A6A19DCA-88F8-4779-A84F-938D94009B06}.Release|Any CPU.Build.0 = Release|Any CPU
	EndGlobalSection
	GlobalSection(SolutionProperties) = preSolution
		HideSolutionNode = FALSE
	EndGlobalSection
	GlobalSection(ExtensibilityGlobals) = postSolution
		SolutionGuid = {1C412EE6-9D49-4BBD-A3EB-55AC30BD1312}
	EndGlobalSection
EndGlobal
